
Microsoft Visual Studio Solution File, Format Version 12.00
# Visual Studio Version 17
VisualStudioVersion = 17.4.33122.133
MinimumVisualStudioVersion = 10.0.40219.1
Project("{FAE04EC0-301F-11D3-BF4B-00C04F79EFBC}") = "MediatROrnek", "MediatROrnek\MediatROrnek.csproj", "{405AF14E-38BC-44D0-ACCE-5B10872956BA}"
EndProject
Global
	GlobalSection(SolutionConfigurationPlatforms) = preSolution
		Debug|Any CPU = Debug|Any CPU
		Release|Any CPU = Release|Any CPU
	EndGlobalSection
	GlobalSection(ProjectConfigurationPlatforms) = postSolution
		{405AF14E-38BC-44D0-ACCE-5B10872956BA}.Debug|Any CPU.ActiveCfg = Debug|Any CPU
		{405AF14E-38BC-44D0-ACCE-5B10872956BA}.Debug|Any CPU.Build.0 = Debug|Any CPU
		{405AF14E-38BC-44D0-ACCE-5B10872956BA}.Release|Any CPU.ActiveCfg = Release|Any CPU
		{405AF14E-38BC-44D0-ACCE-5B10872956BA}.Release|Any CPU.Build.0 = Release|Any CPU
	EndGlobalSection
	GlobalSection(SolutionProperties) = preSolution
		HideSolutionNode = FALSE
	EndGlobalSection
	GlobalSection(ExtensibilityGlobals) = postSolution
		SolutionGuid = {03D2A44A-9DD5-43B9-8913-ED0123848034}
	EndGlobalSection
EndGlobal
